// !$*UTF8*$!
{
	archiveVersion = 1;
	classes = {
	};
	objectVersion = 56;
	objects = {

/* Begin PBXBuildFile section */
		652AA51B908DE77193AA1F05 /* AppLanguage.swift in Sources */ = {isa = PBXBuildFile; fileRef = DD1C8E5CA947A08E0C66B2C5 /* AppLanguage.swift */; };
		40B11F00B03E9E39B0AD931D /* LocalizationManager.swift in Sources */ = {isa = PBXBuildFile; fileRef = 0BD4B786207454DCC6D89064 /* LocalizationManager.swift */; };
		BAE348BBCBA7EDA75A4D7931 /* Strings.swift in Sources */ = {isa = PBXBuildFile; fileRef = 3DB01E61FEBEE64C5B031A11 /* Strings.swift */; };
		3EE2C341CC53090BDC412581 /* CognitiveDistortion.swift in Sources */ = {isa = PBXBuildFile; fileRef = 55E6428AB1D2B06C4FC633A0 /* CognitiveDistortion.swift */; };
		D1DC8E0EAB2CCF2FC36A22F0 /* DataTransfer.swift in Sources */ = {isa = PBXBuildFile; fileRef = D118BE1B319F116ED992639B /* DataTransfer.swift */; };
		53730BBFC9F1358E21B855C5 /* JSONTextDocument.swift in Sources */ = {isa = PBXBuildFile; fileRef = 1DE024B0FB13F476E90D9AEF /* JSONTextDocument.swift */; };
		115423AF6818392C6127AE7F /* JournalEntry.swift in Sources */ = {isa = PBXBuildFile; fileRef = F84F2711CDA521C51EC1CBB9 /* JournalEntry.swift */; };
		9ED20832650B19B37086D3CC /* ThoughtRecord.swift in Sources */ = {isa = PBXBuildFile; fileRef = 3A20FAE0DF4D3FC609A47D03 /* ThoughtRecord.swift */; };
		C996FA8F700D84D0D7DB292B /* AppTheme.swift in Sources */ = {isa = PBXBuildFile; fileRef = 62F4E4DAC41EE621C20EC623 /* AppTheme.swift */; };
		1CA2F32A2B16AD1893BAB346 /* Color+Hex.swift in Sources */ = {isa = PBXBuildFile; fileRef = D5C5BFEC0C8A36FD6B0E828C /* Color+Hex.swift */; };
		91DFC8F2B2A4BDA30D2FD85C /* NotebookPalette.swift in Sources */ = {isa = PBXBuildFile; fileRef = 391B4C2FFCE08C548EC2F9DC /* NotebookPalette.swift */; };
		284A077B1526387BFA90AB6A /* ThemeManager.swift in Sources */ = {isa = PBXBuildFile; fileRef = 6CCCF5284F5600593322F75C /* ThemeManager.swift */; };
		F3FBE08B839F7549F6B37BAA /* AppLockManager.swift in Sources */ = {isa = PBXBuildFile; fileRef = 3E0875B176D4FF155E3CEF02 /* AppLockManager.swift */; };
		DA3056C2842243784F0DF6C0 /* LockScreenView.swift in Sources */ = {isa = PBXBuildFile; fileRef = 5C9F20B4ED326A30BBC69ACC /* LockScreenView.swift */; };
		F662FACB9DB6E6E524B91F0A /* AboutView.swift in Sources */ = {isa = PBXBuildFile; fileRef = 32286C0BBFE817F4E2300837 /* AboutView.swift */; };
		4CEF83AD11891BBEC359EC19 /* DataTransferSectionView.swift in Sources */ = {isa = PBXBuildFile; fileRef = 8770E7B6B56BE0381222BB2D /* DataTransferSectionView.swift */; };
		611CB6313EDB01FAF8D63CA9 /* LanguagePickerView.swift in Sources */ = {isa = PBXBuildFile; fileRef = 22672D9480DCADBF7111D933 /* LanguagePickerView.swift */; };
		398C55A34F1D57B44FE3624D /* PrivacySectionView.swift in Sources */ = {isa = PBXBuildFile; fileRef = D4E28295E6A3CBDE9DDE9B8C /* PrivacySectionView.swift */; };
		708642C0B363C9910D35B1B6 /* SelectableOptionRow.swift in Sources */ = {isa = PBXBuildFile; fileRef = 5FEA1A6D75A11C11BC8690FC /* SelectableOptionRow.swift */; };
		55AA31DD874115004A10FB76 /* ThemePickerView.swift in Sources */ = {isa = PBXBuildFile; fileRef = 9FE2B77138FAD35D12F85FAE /* ThemePickerView.swift */; };
		D6DE56820B33E80AE447C6CE /* JournalEntryView.swift in Sources */ = {isa = PBXBuildFile; fileRef = ED458D4E837F979183F59380 /* JournalEntryView.swift */; };
		9CD6CF2A4B56AFC9CF6A76B2 /* JournalListView.swift in Sources */ = {isa = PBXBuildFile; fileRef = C2FFFC1414B5347DC8933ECA /* JournalListView.swift */; };
		34EDD6E7D9261A148964B6F1 /* FlowLayout.swift in Sources */ = {isa = PBXBuildFile; fileRef = 7FA0F5BDEABEA743764B1B41 /* FlowLayout.swift */; };
		E26950C41CFEF3DEE6898C97 /* ThoughtRecordDetailView.swift in Sources */ = {isa = PBXBuildFile; fileRef = D730C87D7EE1C774E64F6769 /* ThoughtRecordDetailView.swift */; };
		2E50ACE2F936FFDC756A0AEA /* ThoughtRecordEditView.swift in Sources */ = {isa = PBXBuildFile; fileRef = CFD70C9FEC0653E63D77391F /* ThoughtRecordEditView.swift */; };
		19EFEF72120E7148CBB00AA8 /* ThoughtRecordListView.swift in Sources */ = {isa = PBXBuildFile; fileRef = 5CDB0EA6CF1FBFAB34036C20 /* ThoughtRecordListView.swift */; };
		E46DAE5A3E2DA83DA411AC75 /* RootView.swift in Sources */ = {isa = PBXBuildFile; fileRef = 842035487E1D3600FB8C102F /* RootView.swift */; };
		319D2C89F197E547884D14E2 /* ThreeColumnMethodApp.swift in Sources */ = {isa = PBXBuildFile; fileRef = 961D423CFA829401E0B51869 /* ThreeColumnMethodApp.swift */; };
		D600D9E4E3EF58F18559557B /* Assets.xcassets in Resources */ = {isa = PBXBuildFile; fileRef = 833B4050C5CA83377C54F640 /* Assets.xcassets */; };
/* End PBXBuildFile section */

/* Begin PBXFileReference section */
		DD1C8E5CA947A08E0C66B2C5 /* AppLanguage.swift */ = {isa = PBXFileReference; lastKnownFileType = sourcecode.swift; path = AppLanguage.swift; sourceTree = "<group>"; };
		0BD4B786207454DCC6D89064 /* LocalizationManager.swift */ = {isa = PBXFileReference; lastKnownFileType = sourcecode.swift; path = LocalizationManager.swift; sourceTree = "<group>"; };
		3DB01E61FEBEE64C5B031A11 /* Strings.swift */ = {isa = PBXFileReference; lastKnownFileType = sourcecode.swift; path = Strings.swift; sourceTree = "<group>"; };
		55E6428AB1D2B06C4FC633A0 /* CognitiveDistortion.swift */ = {isa = PBXFileReference; lastKnownFileType = sourcecode.swift; path = CognitiveDistortion.swift; sourceTree = "<group>"; };
		D118BE1B319F116ED992639B /* DataTransfer.swift */ = {isa = PBXFileReference; lastKnownFileType = sourcecode.swift; path = DataTransfer.swift; sourceTree = "<group>"; };
		1DE024B0FB13F476E90D9AEF /* JSONTextDocument.swift */ = {isa = PBXFileReference; lastKnownFileType = sourcecode.swift; path = JSONTextDocument.swift; sourceTree = "<group>"; };
		F84F2711CDA521C51EC1CBB9 /* JournalEntry.swift */ = {isa = PBXFileReference; lastKnownFileType = sourcecode.swift; path = JournalEntry.swift; sourceTree = "<group>"; };
		3A20FAE0DF4D3FC609A47D03 /* ThoughtRecord.swift */ = {isa = PBXFileReference; lastKnownFileType = sourcecode.swift; path = ThoughtRecord.swift; sourceTree = "<group>"; };
		62F4E4DAC41EE621C20EC623 /* AppTheme.swift */ = {isa = PBXFileReference; lastKnownFileType = sourcecode.swift; path = AppTheme.swift; sourceTree = "<group>"; };
		D5C5BFEC0C8A36FD6B0E828C /* Color+Hex.swift */ = {isa = PBXFileReference; lastKnownFileType = sourcecode.swift; path = Color+Hex.swift; sourceTree = "<group>"; };
		391B4C2FFCE08C548EC2F9DC /* NotebookPalette.swift */ = {isa = PBXFileReference; lastKnownFileType = sourcecode.swift; path = NotebookPalette.swift; sourceTree = "<group>"; };
		6CCCF5284F5600593322F75C /* ThemeManager.swift */ = {isa = PBXFileReference; lastKnownFileType = sourcecode.swift; path = ThemeManager.swift; sourceTree = "<group>"; };
		3E0875B176D4FF155E3CEF02 /* AppLockManager.swift */ = {isa = PBXFileReference; lastKnownFileType = sourcecode.swift; path = AppLockManager.swift; sourceTree = "<group>"; };
		5C9F20B4ED326A30BBC69ACC /* LockScreenView.swift */ = {isa = PBXFileReference; lastKnownFileType = sourcecode.swift; path = LockScreenView.swift; sourceTree = "<group>"; };
		32286C0BBFE817F4E2300837 /* AboutView.swift */ = {isa = PBXFileReference; lastKnownFileType = sourcecode.swift; path = AboutView.swift; sourceTree = "<group>"; };
		8770E7B6B56BE0381222BB2D /* DataTransferSectionView.swift */ = {isa = PBXFileReference; lastKnownFileType = sourcecode.swift; path = DataTransferSectionView.swift; sourceTree = "<group>"; };
		22672D9480DCADBF7111D933 /* LanguagePickerView.swift */ = {isa = PBXFileReference; lastKnownFileType = sourcecode.swift; path = LanguagePickerView.swift; sourceTree = "<group>"; };
		D4E28295E6A3CBDE9DDE9B8C /* PrivacySectionView.swift */ = {isa = PBXFileReference; lastKnownFileType = sourcecode.swift; path = PrivacySectionView.swift; sourceTree = "<group>"; };
		5FEA1A6D75A11C11BC8690FC /* SelectableOptionRow.swift */ = {isa = PBXFileReference; lastKnownFileType = sourcecode.swift; path = SelectableOptionRow.swift; sourceTree = "<group>"; };
		9FE2B77138FAD35D12F85FAE /* ThemePickerView.swift */ = {isa = PBXFileReference; lastKnownFileType = sourcecode.swift; path = ThemePickerView.swift; sourceTree = "<group>"; };
		ED458D4E837F979183F59380 /* JournalEntryView.swift */ = {isa = PBXFileReference; lastKnownFileType = sourcecode.swift; path = JournalEntryView.swift; sourceTree = "<group>"; };
		C2FFFC1414B5347DC8933ECA /* JournalListView.swift */ = {isa = PBXFileReference; lastKnownFileType = sourcecode.swift; path = JournalListView.swift; sourceTree = "<group>"; };
		7FA0F5BDEABEA743764B1B41 /* FlowLayout.swift */ = {isa = PBXFileReference; lastKnownFileType = sourcecode.swift; path = FlowLayout.swift; sourceTree = "<group>"; };
		D730C87D7EE1C774E64F6769 /* ThoughtRecordDetailView.swift */ = {isa = PBXFileReference; lastKnownFileType = sourcecode.swift; path = ThoughtRecordDetailView.swift; sourceTree = "<group>"; };
		CFD70C9FEC0653E63D77391F /* ThoughtRecordEditView.swift */ = {isa = PBXFileReference; lastKnownFileType = sourcecode.swift; path = ThoughtRecordEditView.swift; sourceTree = "<group>"; };
		5CDB0EA6CF1FBFAB34036C20 /* ThoughtRecordListView.swift */ = {isa = PBXFileReference; lastKnownFileType = sourcecode.swift; path = ThoughtRecordListView.swift; sourceTree = "<group>"; };
		842035487E1D3600FB8C102F /* RootView.swift */ = {isa = PBXFileReference; lastKnownFileType = sourcecode.swift; path = RootView.swift; sourceTree = "<group>"; };
		961D423CFA829401E0B51869 /* ThreeColumnMethodApp.swift */ = {isa = PBXFileReference; lastKnownFileType = sourcecode.swift; path = ThreeColumnMethodApp.swift; sourceTree = "<group>"; };
		833B4050C5CA83377C54F640 /* Assets.xcassets */ = {isa = PBXFileReference; lastKnownFileType = folder.assetcatalog; path = Assets.xcassets; sourceTree = "<group>"; };
		15A7933DE180D2DA8DD6BCDA /* Preview Assets.xcassets */ = {isa = PBXFileReference; lastKnownFileType = folder.assetcatalog; path = "Preview Assets.xcassets"; sourceTree = "<group>"; };
		9464759EEFCCF256C0DC18AA /* ThreeColumnMethod.app */ = {isa = PBXFileReference; explicitFileType = wrapper.application; includeInIndex = 0; path = ThreeColumnMethod.app; sourceTree = BUILT_PRODUCTS_DIR; };
/* End PBXFileReference section */

/* Begin PBXFrameworksBuildPhase section */
		D446EB9E25A48D9A35DE8EC9 /* Frameworks */ = {
			isa = PBXFrameworksBuildPhase;
			buildActionMask = 2147483647;
			files = (
			);
			runOnlyForDeploymentPostprocessing = 0;
		};
/* End PBXFrameworksBuildPhase section */

/* Begin PBXGroup section */
		A2059877973258FA75F80379 /* Localization */ = {
			isa = PBXGroup;
			children = (
				DD1C8E5CA947A08E0C66B2C5 /* AppLanguage.swift */,
				0BD4B786207454DCC6D89064 /* LocalizationManager.swift */,
				3DB01E61FEBEE64C5B031A11 /* Strings.swift */,
			);
			path = "Localization";
			sourceTree = "<group>";
		};
		C3D2ED6AC8FCDBBDB2A35B24 /* Models */ = {
			isa = PBXGroup;
			children = (
				55E6428AB1D2B06C4FC633A0 /* CognitiveDistortion.swift */,
				D118BE1B319F116ED992639B /* DataTransfer.swift */,
				1DE024B0FB13F476E90D9AEF /* JSONTextDocument.swift */,
				F84F2711CDA521C51EC1CBB9 /* JournalEntry.swift */,
				3A20FAE0DF4D3FC609A47D03 /* ThoughtRecord.swift */,
			);
			path = "Models";
			sourceTree = "<group>";
		};
		7152F9B83A8058734322B804 /* Theme */ = {
			isa = PBXGroup;
			children = (
				62F4E4DAC41EE621C20EC623 /* AppTheme.swift */,
				D5C5BFEC0C8A36FD6B0E828C /* Color+Hex.swift */,
				391B4C2FFCE08C548EC2F9DC /* NotebookPalette.swift */,
				6CCCF5284F5600593322F75C /* ThemeManager.swift */,
			);
			path = "Theme";
			sourceTree = "<group>";
		};
		932A53840DA1A710A3E762E0 /* Privacy */ = {
			isa = PBXGroup;
			children = (
				3E0875B176D4FF155E3CEF02 /* AppLockManager.swift */,
				5C9F20B4ED326A30BBC69ACC /* LockScreenView.swift */,
			);
			path = "Privacy";
			sourceTree = "<group>";
		};
		E48023909DAD018C70E05089 /* About */ = {
			isa = PBXGroup;
			children = (
				32286C0BBFE817F4E2300837 /* AboutView.swift */,
				8770E7B6B56BE0381222BB2D /* DataTransferSectionView.swift */,
				22672D9480DCADBF7111D933 /* LanguagePickerView.swift */,
				D4E28295E6A3CBDE9DDE9B8C /* PrivacySectionView.swift */,
				5FEA1A6D75A11C11BC8690FC /* SelectableOptionRow.swift */,
				9FE2B77138FAD35D12F85FAE /* ThemePickerView.swift */,
			);
			path = "About";
			sourceTree = "<group>";
		};
		4C7436A8564237F96CF4C446 /* Journal */ = {
			isa = PBXGroup;
			children = (
				ED458D4E837F979183F59380 /* JournalEntryView.swift */,
				C2FFFC1414B5347DC8933ECA /* JournalListView.swift */,
			);
			path = "Journal";
			sourceTree = "<group>";
		};
		BBC76E13EF703DD7F62B9DA8 /* Shared */ = {
			isa = PBXGroup;
			children = (
				7FA0F5BDEABEA743764B1B41 /* FlowLayout.swift */,
			);
			path = "Shared";
			sourceTree = "<group>";
		};
		79B7A982DC924DB2285E16B5 /* ThoughtRecords */ = {
			isa = PBXGroup;
			children = (
				D730C87D7EE1C774E64F6769 /* ThoughtRecordDetailView.swift */,
				CFD70C9FEC0653E63D77391F /* ThoughtRecordEditView.swift */,
				5CDB0EA6CF1FBFAB34036C20 /* ThoughtRecordListView.swift */,
			);
			path = "ThoughtRecords";
			sourceTree = "<group>";
		};
		1D868835AE4F1B22AF2433BC /* Views */ = {
			isa = PBXGroup;
			children = (
				E48023909DAD018C70E05089 /* About */,
				4C7436A8564237F96CF4C446 /* Journal */,
				BBC76E13EF703DD7F62B9DA8 /* Shared */,
				79B7A982DC924DB2285E16B5 /* ThoughtRecords */,
			);
			path = "Views";
			sourceTree = "<group>";
		};
		FB245D2ED09D7B7C594D5B9F /* Preview Content */ = {
			isa = PBXGroup;
			children = (
				15A7933DE180D2DA8DD6BCDA /* Preview Assets.xcassets */,
			);
			path = "Preview Content";
			sourceTree = "<group>";
		};
		D7B879EFFEC2D6140F8581D8 /* ThreeColumnMethod */ = {
			isa = PBXGroup;
			children = (
				A2059877973258FA75F80379 /* Localization */,
				C3D2ED6AC8FCDBBDB2A35B24 /* Models */,
				7152F9B83A8058734322B804 /* Theme */,
				932A53840DA1A710A3E762E0 /* Privacy */,
				1D868835AE4F1B22AF2433BC /* Views */,
				842035487E1D3600FB8C102F /* RootView.swift */,
				961D423CFA829401E0B51869 /* ThreeColumnMethodApp.swift */,
				833B4050C5CA83377C54F640 /* Assets.xcassets */,
				FB245D2ED09D7B7C594D5B9F /* Preview Content */,
			);
			path = "ThreeColumnMethod";
			sourceTree = "<group>";
		};
		9D9CAB670E562D891BDF4960 /* Products */ = {
			isa = PBXGroup;
			children = (
				9464759EEFCCF256C0DC18AA /* ThreeColumnMethod.app */,
			);
			name = "Products";
			sourceTree = "<group>";
		};
		9A6C0C1B12771183AF6B8A13 = {
			isa = PBXGroup;
			children = (
				D7B879EFFEC2D6140F8581D8 /* ThreeColumnMethod */,
				9D9CAB670E562D891BDF4960 /* Products */,
			);
			sourceTree = "<group>";
		};
/* End PBXGroup section */

/* Begin PBXNativeTarget section */
		687F87D7724D44681383145A /* ThreeColumnMethod */ = {
			isa = PBXNativeTarget;
			buildConfigurationList = 16BDB8CBB882291B54BB50BA /* Build configuration list for PBXNativeTarget "ThreeColumnMethod" */;
			buildPhases = (
				4E1FD9DF5D4786601CC0101C /* Sources */,
				D446EB9E25A48D9A35DE8EC9 /* Frameworks */,
				512048EEB2B76E6188488731 /* Resources */,
			);
			buildRules = (
			);
			dependencies = (
			);
			name = ThreeColumnMethod;
			productName = ThreeColumnMethod;
			productReference = 9464759EEFCCF256C0DC18AA /* ThreeColumnMethod.app */;
			productType = "com.apple.product-type.application";
		};
/* End PBXNativeTarget section */

/* Begin PBXProject section */
		5997BFC54D85820FB5BBC9F4 /* Project object */ = {
			isa = PBXProject;
			attributes = {
				BuildIndependentTargetsInParallel = 1;
				LastSwiftUpdateCheck = 1520;
				LastUpgradeCheck = 1520;
				TargetAttributes = {
					687F87D7724D44681383145A = {
						CreatedOnToolsVersion = 15.2;
					};
				};
			};
			buildConfigurationList = 39B4B451DA08CB248848B377 /* Build configuration list for PBXProject "ThreeColumnMethod" */;
			compatibilityVersion = "Xcode 14.0";
			developmentRegion = en;
			hasScannedForEncodings = 0;
			knownRegions = (
				en,
				zh-Hans,
				Base,
			);
			mainGroup = 9A6C0C1B12771183AF6B8A13;
			productRefGroup = 9D9CAB670E562D891BDF4960 /* Products */;
			projectDirPath = "";
			projectRoot = "";
			targets = (
				687F87D7724D44681383145A /* ThreeColumnMethod */,
			);
		};
/* End PBXProject section */

/* Begin PBXResourcesBuildPhase section */
		512048EEB2B76E6188488731 /* Resources */ = {
			isa = PBXResourcesBuildPhase;
			buildActionMask = 2147483647;
			files = (
				D600D9E4E3EF58F18559557B /* Assets.xcassets in Resources */,
			);
			runOnlyForDeploymentPostprocessing = 0;
		};
/* End PBXResourcesBuildPhase section */

/* Begin PBXSourcesBuildPhase section */
		4E1FD9DF5D4786601CC0101C /* Sources */ = {
			isa = PBXSourcesBuildPhase;
			buildActionMask = 2147483647;
			files = (
				652AA51B908DE77193AA1F05 /* AppLanguage.swift in Sources */,
				40B11F00B03E9E39B0AD931D /* LocalizationManager.swift in Sources */,
				BAE348BBCBA7EDA75A4D7931 /* Strings.swift in Sources */,
				3EE2C341CC53090BDC412581 /* CognitiveDistortion.swift in Sources */,
				D1DC8E0EAB2CCF2FC36A22F0 /* DataTransfer.swift in Sources */,
				53730BBFC9F1358E21B855C5 /* JSONTextDocument.swift in Sources */,
				115423AF6818392C6127AE7F /* JournalEntry.swift in Sources */,
				9ED20832650B19B37086D3CC /* ThoughtRecord.swift in Sources */,
				C996FA8F700D84D0D7DB292B /* AppTheme.swift in Sources */,
				1CA2F32A2B16AD1893BAB346 /* Color+Hex.swift in Sources */,
				91DFC8F2B2A4BDA30D2FD85C /* NotebookPalette.swift in Sources */,
				284A077B1526387BFA90AB6A /* ThemeManager.swift in Sources */,
				F3FBE08B839F7549F6B37BAA /* AppLockManager.swift in Sources */,
				DA3056C2842243784F0DF6C0 /* LockScreenView.swift in Sources */,
				F662FACB9DB6E6E524B91F0A /* AboutView.swift in Sources */,
				4CEF83AD11891BBEC359EC19 /* DataTransferSectionView.swift in Sources */,
				611CB6313EDB01FAF8D63CA9 /* LanguagePickerView.swift in Sources */,
				398C55A34F1D57B44FE3624D /* PrivacySectionView.swift in Sources */,
				708642C0B363C9910D35B1B6 /* SelectableOptionRow.swift in Sources */,
				55AA31DD874115004A10FB76 /* ThemePickerView.swift in Sources */,
				D6DE56820B33E80AE447C6CE /* JournalEntryView.swift in Sources */,
				9CD6CF2A4B56AFC9CF6A76B2 /* JournalListView.swift in Sources */,
				34EDD6E7D9261A148964B6F1 /* FlowLayout.swift in Sources */,
				E26950C41CFEF3DEE6898C97 /* ThoughtRecordDetailView.swift in Sources */,
				2E50ACE2F936FFDC756A0AEA /* ThoughtRecordEditView.swift in Sources */,
				19EFEF72120E7148CBB00AA8 /* ThoughtRecordListView.swift in Sources */,
				E46DAE5A3E2DA83DA411AC75 /* RootView.swift in Sources */,
				319D2C89F197E547884D14E2 /* ThreeColumnMethodApp.swift in Sources */,
			);
			runOnlyForDeploymentPostprocessing = 0;
		};
/* End PBXSourcesBuildPhase section */

/* Begin XCBuildConfiguration section */
		31E9A4E21683220CE9406F18 /* Debug */ = {
			isa = XCBuildConfiguration;
			buildSettings = {
				ALWAYS_SEARCH_USER_PATHS = NO;
				ASSETCATALOG_COMPILER_GENERATE_SWIFT_ASSET_SYMBOL_EXTENSIONS = YES;
				CLANG_ANALYZER_NONNULL = YES;
				CLANG_ANALYZER_NUMBER_OBJECT_CONVERSION = YES_AGGRESSIVE;
				CLANG_CXX_LANGUAGE_STANDARD = "gnu++20";
				CLANG_ENABLE_MODULES = YES;
				CLANG_ENABLE_OBJC_ARC = YES;
				CLANG_ENABLE_OBJC_WEAK = YES;
				CLANG_WARN_BLOCK_CAPTURE_AUTORELEASING = YES;
				CLANG_WARN_BOOL_CONVERSION = YES;
				CLANG_WARN_COMMA = YES;
				CLANG_WARN_CONSTANT_CONVERSION = YES;
				CLANG_WARN_DEPRECATED_OBJC_IMPLEMENTATIONS = YES;
				CLANG_WARN_DIRECT_OBJC_ISA_USAGE = YES_ERROR;
				CLANG_WARN_DOCUMENTATION_COMMENTS = YES;
				CLANG_WARN_EMPTY_BODY = YES;
				CLANG_WARN_ENUM_CONVERSION = YES;
				CLANG_WARN_INFINITE_RECURSION = YES;
				CLANG_WARN_INT_CONVERSION = YES;
				CLANG_WARN_NON_LITERAL_NULL_CONVERSION = YES;
				CLANG_WARN_OBJC_IMPLICIT_RETAIN_SELF = YES;
				CLANG_WARN_OBJC_LITERAL_CONVERSION = YES;
				CLANG_WARN_OBJC_ROOT_CLASS = YES_ERROR;
				CLANG_WARN_QUOTED_INCLUDE_IN_FRAMEWORK_HEADER = YES;
				CLANG_WARN_RANGE_LOOP_ANALYSIS = YES;
				CLANG_WARN_STRICT_PROTOTYPES = YES;
				CLANG_WARN_SUSPICIOUS_MOVE = YES;
				CLANG_WARN_UNGUARDED_AVAILABILITY = YES_AGGRESSIVE;
				CLANG_WARN_UNREACHABLE_CODE = YES;
				CLANG_WARN__DUPLICATE_METHOD_MATCH = YES;
				COPY_PHASE_STRIP = NO;
				DEBUG_INFORMATION_FORMAT = dwarf;
				ENABLE_STRICT_OBJC_MSGSEND = YES;
				ENABLE_TESTABILITY = YES;
				ENABLE_USER_SCRIPT_SANDBOXING = YES;
				GCC_C_LANGUAGE_STANDARD = gnu17;
				GCC_DYNAMIC_NO_PIC = NO;
				GCC_NO_COMMON_BLOCKS = YES;
				GCC_OPTIMIZATION_LEVEL = 0;
				GCC_PREPROCESSOR_DEFINITIONS = (
					"DEBUG=1",
					"$(inherited)",
				);
				GCC_WARN_64_TO_32_BIT_CONVERSION = YES;
				GCC_WARN_ABOUT_RETURN_TYPE = YES_ERROR;
				GCC_WARN_UNDECLARED_SELECTOR = YES;
				GCC_WARN_UNINITIALIZED_AUTOS = YES_AGGRESSIVE;
				GCC_WARN_UNUSED_FUNCTION = YES;
				GCC_WARN_UNUSED_VARIABLE = YES;
				IPHONEOS_DEPLOYMENT_TARGET = 17.0;
				MTL_ENABLE_DEBUG_INFO = INCLUDE_SOURCE;
				MTL_FAST_MATH = YES;
				ONLY_ACTIVE_ARCH = YES;
				SDKROOT = iphoneos;
				SWIFT_ACTIVE_COMPILATION_CONDITIONS = "DEBUG $(inherited)";
				SWIFT_OPTIMIZATION_LEVEL = "-Onone";
			};
			name = Debug;
		};
		CDB061446A5772A1A65C0FC1 /* Release */ = {
			isa = XCBuildConfiguration;
			buildSettings = {
				ALWAYS_SEARCH_USER_PATHS = NO;
				ASSETCATALOG_COMPILER_GENERATE_SWIFT_ASSET_SYMBOL_EXTENSIONS = YES;
				CLANG_ANALYZER_NONNULL = YES;
				CLANG_ANALYZER_NUMBER_OBJECT_CONVERSION = YES_AGGRESSIVE;
				CLANG_CXX_LANGUAGE_STANDARD = "gnu++20";
				CLANG_ENABLE_MODULES = YES;
				CLANG_ENABLE_OBJC_ARC = YES;
				CLANG_ENABLE_OBJC_WEAK = YES;
				CLANG_WARN_BLOCK_CAPTURE_AUTORELEASING = YES;
				CLANG_WARN_BOOL_CONVERSION = YES;
				CLANG_WARN_COMMA = YES;
				CLANG_WARN_CONSTANT_CONVERSION = YES;
				CLANG_WARN_DEPRECATED_OBJC_IMPLEMENTATIONS = YES;
				CLANG_WARN_DIRECT_OBJC_ISA_USAGE = YES_ERROR;
				CLANG_WARN_DOCUMENTATION_COMMENTS = YES;
				CLANG_WARN_EMPTY_BODY = YES;
				CLANG_WARN_ENUM_CONVERSION = YES;
				CLANG_WARN_INFINITE_RECURSION = YES;
				CLANG_WARN_INT_CONVERSION = YES;
				CLANG_WARN_NON_LITERAL_NULL_CONVERSION = YES;
				CLANG_WARN_OBJC_IMPLICIT_RETAIN_SELF = YES;
				CLANG_WARN_OBJC_LITERAL_CONVERSION = YES;
				CLANG_WARN_OBJC_ROOT_CLASS = YES_ERROR;
				CLANG_WARN_QUOTED_INCLUDE_IN_FRAMEWORK_HEADER = YES;
				CLANG_WARN_RANGE_LOOP_ANALYSIS = YES;
				CLANG_WARN_STRICT_PROTOTYPES = YES;
				CLANG_WARN_SUSPICIOUS_MOVE = YES;
				CLANG_WARN_UNGUARDED_AVAILABILITY = YES_AGGRESSIVE;
				CLANG_WARN_UNREACHABLE_CODE = YES;
				CLANG_WARN__DUPLICATE_METHOD_MATCH = YES;
				COPY_PHASE_STRIP = NO;
				DEBUG_INFORMATION_FORMAT = "dwarf-with-dsym";
				ENABLE_NS_ASSERTIONS = NO;
				ENABLE_STRICT_OBJC_MSGSEND = YES;
				ENABLE_USER_SCRIPT_SANDBOXING = YES;
				GCC_C_LANGUAGE_STANDARD = gnu17;
				GCC_NO_COMMON_BLOCKS = YES;
				GCC_WARN_64_TO_32_BIT_CONVERSION = YES;
				GCC_WARN_ABOUT_RETURN_TYPE = YES_ERROR;
				GCC_WARN_UNDECLARED_SELECTOR = YES;
				GCC_WARN_UNINITIALIZED_AUTOS = YES_AGGRESSIVE;
				GCC_WARN_UNUSED_FUNCTION = YES;
				GCC_WARN_UNUSED_VARIABLE = YES;
				IPHONEOS_DEPLOYMENT_TARGET = 17.0;
				MTL_ENABLE_DEBUG_INFO = NO;
				MTL_FAST_MATH = YES;
				SDKROOT = iphoneos;
				SWIFT_COMPILATION_MODE = wholemodule;
				VALIDATE_PRODUCT = YES;
			};
			name = Release;
		};
		3762A73846541E492E5865C5 /* Debug */ = {
			isa = XCBuildConfiguration;
			buildSettings = {
				ASSETCATALOG_COMPILER_APPICON_NAME = AppIcon;
				ASSETCATALOG_COMPILER_GLOBAL_ACCENT_COLOR_NAME = AccentColor;
				CODE_SIGN_STYLE = Automatic;
				CURRENT_PROJECT_VERSION = 1;
				DEVELOPMENT_ASSET_PATHS = "\"ThreeColumnMethod/Preview Content\"";
				ENABLE_PREVIEWS = YES;
				GENERATE_INFOPLIST_FILE = YES;
				INFOPLIST_KEY_CFBundleDisplayName = "Three Column Method";
				INFOPLIST_KEY_NSFaceIDUsageDescription = "Face ID is used to unlock the app when App Lock is turned on in Settings.";
				INFOPLIST_KEY_UIApplicationSceneManifest_Generation = YES;
				INFOPLIST_KEY_UIApplicationSupportsIndirectInputEvents = YES;
				INFOPLIST_KEY_UILaunchScreen_Generation = YES;
				INFOPLIST_KEY_UISupportedInterfaceOrientations_iPad = "UIInterfaceOrientationPortrait UIInterfaceOrientationPortraitUpsideDown UIInterfaceOrientationLandscapeLeft UIInterfaceOrientationLandscapeRight";
				INFOPLIST_KEY_UISupportedInterfaceOrientations_iPhone = "UIInterfaceOrientationPortrait UIInterfaceOrientationLandscapeLeft UIInterfaceOrientationLandscapeRight";
				LD_RUNPATH_SEARCH_PATHS = (
					"$(inherited)",
					"@executable_path/Frameworks",
				);
				MARKETING_VERSION = 1.0;
				PRODUCT_BUNDLE_IDENTIFIER = com.threecolumnmethod.app;
				PRODUCT_NAME = "$(TARGET_NAME)";
				SWIFT_EMIT_LOC_STRINGS = YES;
				SWIFT_VERSION = 5.0;
				TARGETED_DEVICE_FAMILY = "1,2";
			};
			name = Debug;
		};
		C34B4EEAE3045D0A190F0A1B /* Release */ = {
			isa = XCBuildConfiguration;
			buildSettings = {
				ASSETCATALOG_COMPILER_APPICON_NAME = AppIcon;
				ASSETCATALOG_COMPILER_GLOBAL_ACCENT_COLOR_NAME = AccentColor;
				CODE_SIGN_STYLE = Automatic;
				CURRENT_PROJECT_VERSION = 1;
				DEVELOPMENT_ASSET_PATHS = "\"ThreeColumnMethod/Preview Content\"";
				ENABLE_PREVIEWS = YES;
				GENERATE_INFOPLIST_FILE = YES;
				INFOPLIST_KEY_CFBundleDisplayName = "Three Column Method";
				INFOPLIST_KEY_NSFaceIDUsageDescription = "Face ID is used to unlock the app when App Lock is turned on in Settings.";
				INFOPLIST_KEY_UIApplicationSceneManifest_Generation = YES;
				INFOPLIST_KEY_UIApplicationSupportsIndirectInputEvents = YES;
				INFOPLIST_KEY_UILaunchScreen_Generation = YES;
				INFOPLIST_KEY_UISupportedInterfaceOrientations_iPad = "UIInterfaceOrientationPortrait UIInterfaceOrientationPortraitUpsideDown UIInterfaceOrientationLandscapeLeft UIInterfaceOrientationLandscapeRight";
				INFOPLIST_KEY_UISupportedInterfaceOrientations_iPhone = "UIInterfaceOrientationPortrait UIInterfaceOrientationLandscapeLeft UIInterfaceOrientationLandscapeRight";
				LD_RUNPATH_SEARCH_PATHS = (
					"$(inherited)",
					"@executable_path/Frameworks",
				);
				MARKETING_VERSION = 1.0;
				PRODUCT_BUNDLE_IDENTIFIER = com.threecolumnmethod.app;
				PRODUCT_NAME = "$(TARGET_NAME)";
				SWIFT_EMIT_LOC_STRINGS = YES;
				SWIFT_VERSION = 5.0;
				TARGETED_DEVICE_FAMILY = "1,2";
			};
			name = Release;
		};
/* End XCBuildConfiguration section */

/* Begin XCConfigurationList section */
		39B4B451DA08CB248848B377 /* Build configuration list for PBXProject "ThreeColumnMethod" */ = {
			isa = XCConfigurationList;
			buildConfigurations = (
				31E9A4E21683220CE9406F18 /* Debug */,
				CDB061446A5772A1A65C0FC1 /* Release */,
			);
			defaultConfigurationIsVisible = 0;
			defaultConfigurationName = Release;
		};
		16BDB8CBB882291B54BB50BA /* Build configuration list for PBXNativeTarget "ThreeColumnMethod" */ = {
			isa = XCConfigurationList;
			buildConfigurations = (
				3762A73846541E492E5865C5 /* Debug */,
				C34B4EEAE3045D0A190F0A1B /* Release */,
			);
			defaultConfigurationIsVisible = 0;
			defaultConfigurationName = Release;
		};
/* End XCConfigurationList section */
	};
	rootObject = 5997BFC54D85820FB5BBC9F4 /* Project object */;
}
