// !$*UTF8*$!
{
	archiveVersion = 1;
	classes = {
	};
	objectVersion = 56;
	objects = {

/* Begin PBXBuildFile section */
		2E789699E4D37BB306A229E8 /* AppLanguage.swift in Sources */ = {isa = PBXBuildFile; fileRef = 4FEA568B738F6A64B70F0C9F /* AppLanguage.swift */; };
		E8A56F789F535F0EE2CE466E /* LocalizationManager.swift in Sources */ = {isa = PBXBuildFile; fileRef = 0A8ACD49AEDA13DF523F30CA /* LocalizationManager.swift */; };
		67CF2D43C5B1FA6B4DE2614A /* Strings.swift in Sources */ = {isa = PBXBuildFile; fileRef = 94B20302261D6E695089472E /* Strings.swift */; };
		1936D2EC993DA4182086E71F /* CognitiveDistortion.swift in Sources */ = {isa = PBXBuildFile; fileRef = 0F498EF07CA2C6C23E47846F /* CognitiveDistortion.swift */; };
		2FC05820D0A2A7C33986E9A7 /* DataTransfer.swift in Sources */ = {isa = PBXBuildFile; fileRef = 52BF00920908F79C5EE0B753 /* DataTransfer.swift */; };
		49D1DC7717C9771623BEFBE9 /* JSONTextDocument.swift in Sources */ = {isa = PBXBuildFile; fileRef = 4A8A6F271537168DC17795DB /* JSONTextDocument.swift */; };
		8A48C26A18C4CE11429E7E5F /* JournalEntry.swift in Sources */ = {isa = PBXBuildFile; fileRef = 72DB4DEE51EED73A974015F8 /* JournalEntry.swift */; };
		A8D3519AC60ED3D076065910 /* ThoughtRecord.swift in Sources */ = {isa = PBXBuildFile; fileRef = 3AE91F1249DB462D69F76051 /* ThoughtRecord.swift */; };
		6AAE865DD771BC2F4F9DA7B7 /* AppTheme.swift in Sources */ = {isa = PBXBuildFile; fileRef = 4FF2E03B087D15992402AEBA /* AppTheme.swift */; };
		19ED43415427CDECAC24195F /* Color+Hex.swift in Sources */ = {isa = PBXBuildFile; fileRef = 3CE65120C99B3368D8050610 /* Color+Hex.swift */; };
		1FC2647E540EFA6588A71481 /* NotebookPalette.swift in Sources */ = {isa = PBXBuildFile; fileRef = 3E86C3E6E560B9734B7ADC3B /* NotebookPalette.swift */; };
		E97A32125ADA5A09F4A882E2 /* ThemeManager.swift in Sources */ = {isa = PBXBuildFile; fileRef = 8E5DDD288A74E3AD309DF84A /* ThemeManager.swift */; };
		8CA03C5F69830441CADEA6D4 /* AppLockManager.swift in Sources */ = {isa = PBXBuildFile; fileRef = D0ADC09CA7AB7F8E2FA8CF33 /* AppLockManager.swift */; };
		56798E24B7C894AC761C172D /* LockScreenView.swift in Sources */ = {isa = PBXBuildFile; fileRef = AB27AB1F8CE84C9B73A64864 /* LockScreenView.swift */; };
		248B6B4DA531991368F0CF89 /* AboutView.swift in Sources */ = {isa = PBXBuildFile; fileRef = 79864BD4AE0606C15D9C6D38 /* AboutView.swift */; };
		B513A054917C6E71CB6B2FB5 /* DataTransferSectionView.swift in Sources */ = {isa = PBXBuildFile; fileRef = 81787939E2835F7D19104232 /* DataTransferSectionView.swift */; };
		300B47F8383326A0A88C63A7 /* LanguagePickerView.swift in Sources */ = {isa = PBXBuildFile; fileRef = 0F6BF98FFB48C18965032932 /* LanguagePickerView.swift */; };
		7D729C1FC64995881C55F37C /* PrivacySectionView.swift in Sources */ = {isa = PBXBuildFile; fileRef = D7DC58722548BAB80FFFEFA2 /* PrivacySectionView.swift */; };
		173B0785F052C961B2052DE0 /* SelectableOptionRow.swift in Sources */ = {isa = PBXBuildFile; fileRef = 29278160054BF9704AFB907A /* SelectableOptionRow.swift */; };
		BCEB5750794AB98A9E250AA0 /* ThemePickerView.swift in Sources */ = {isa = PBXBuildFile; fileRef = AF645C5C69836126FD0BFE0B /* ThemePickerView.swift */; };
		C558CCAB4736C0949182E86D /* JournalEntryView.swift in Sources */ = {isa = PBXBuildFile; fileRef = 10E635312049DEFE5FC61E43 /* JournalEntryView.swift */; };
		39425C57D36FE0F003C39CC0 /* JournalListView.swift in Sources */ = {isa = PBXBuildFile; fileRef = CE02FE5DF3CB3A0ECE8AF20A /* JournalListView.swift */; };
		71CD79377EFA5F1626C104C4 /* FlowLayout.swift in Sources */ = {isa = PBXBuildFile; fileRef = 5B2094B8A400DF1A38FC402F /* FlowLayout.swift */; };
		DE222B733771036C5D21E965 /* PageTabRow.swift in Sources */ = {isa = PBXBuildFile; fileRef = 7E94303900C4A4F09651AF88 /* PageTabRow.swift */; };
		9C6741B090B82B9DB468AB30 /* ThoughtRecordDetailView.swift in Sources */ = {isa = PBXBuildFile; fileRef = B9839F03CDC4DA3C2BF19ABA /* ThoughtRecordDetailView.swift */; };
		25E68FE546B140B11EBCA5F0 /* ThoughtRecordEditView.swift in Sources */ = {isa = PBXBuildFile; fileRef = A9802ABCAD628704BD207AFB /* ThoughtRecordEditView.swift */; };
		26D910D1403392F3B729AD14 /* ThoughtRecordListView.swift in Sources */ = {isa = PBXBuildFile; fileRef = B773D7A03E4DEB06A4517187 /* ThoughtRecordListView.swift */; };
		9B5A8E8B98764AEC70E7B8A5 /* RootView.swift in Sources */ = {isa = PBXBuildFile; fileRef = CE57E2A39297A02642F403F0 /* RootView.swift */; };
		1C170DC24F4EA276B077920B /* ThreeColumnMethodApp.swift in Sources */ = {isa = PBXBuildFile; fileRef = 9305FBED3ABECCB178151634 /* ThreeColumnMethodApp.swift */; };
		B1BD57EEAA5904C18C7687EB /* Assets.xcassets in Resources */ = {isa = PBXBuildFile; fileRef = 3579D506D1CAEA4FC5648803 /* Assets.xcassets */; };
/* End PBXBuildFile section */

/* Begin PBXFileReference section */
		4FEA568B738F6A64B70F0C9F /* AppLanguage.swift */ = {isa = PBXFileReference; lastKnownFileType = sourcecode.swift; path = AppLanguage.swift; sourceTree = "<group>"; };
		0A8ACD49AEDA13DF523F30CA /* LocalizationManager.swift */ = {isa = PBXFileReference; lastKnownFileType = sourcecode.swift; path = LocalizationManager.swift; sourceTree = "<group>"; };
		94B20302261D6E695089472E /* Strings.swift */ = {isa = PBXFileReference; lastKnownFileType = sourcecode.swift; path = Strings.swift; sourceTree = "<group>"; };
		0F498EF07CA2C6C23E47846F /* CognitiveDistortion.swift */ = {isa = PBXFileReference; lastKnownFileType = sourcecode.swift; path = CognitiveDistortion.swift; sourceTree = "<group>"; };
		52BF00920908F79C5EE0B753 /* DataTransfer.swift */ = {isa = PBXFileReference; lastKnownFileType = sourcecode.swift; path = DataTransfer.swift; sourceTree = "<group>"; };
		4A8A6F271537168DC17795DB /* JSONTextDocument.swift */ = {isa = PBXFileReference; lastKnownFileType = sourcecode.swift; path = JSONTextDocument.swift; sourceTree = "<group>"; };
		72DB4DEE51EED73A974015F8 /* JournalEntry.swift */ = {isa = PBXFileReference; lastKnownFileType = sourcecode.swift; path = JournalEntry.swift; sourceTree = "<group>"; };
		3AE91F1249DB462D69F76051 /* ThoughtRecord.swift */ = {isa = PBXFileReference; lastKnownFileType = sourcecode.swift; path = ThoughtRecord.swift; sourceTree = "<group>"; };
		4FF2E03B087D15992402AEBA /* AppTheme.swift */ = {isa = PBXFileReference; lastKnownFileType = sourcecode.swift; path = AppTheme.swift; sourceTree = "<group>"; };
		3CE65120C99B3368D8050610 /* Color+Hex.swift */ = {isa = PBXFileReference; lastKnownFileType = sourcecode.swift; path = Color+Hex.swift; sourceTree = "<group>"; };
		3E86C3E6E560B9734B7ADC3B /* NotebookPalette.swift */ = {isa = PBXFileReference; lastKnownFileType = sourcecode.swift; path = NotebookPalette.swift; sourceTree = "<group>"; };
		8E5DDD288A74E3AD309DF84A /* ThemeManager.swift */ = {isa = PBXFileReference; lastKnownFileType = sourcecode.swift; path = ThemeManager.swift; sourceTree = "<group>"; };
		D0ADC09CA7AB7F8E2FA8CF33 /* AppLockManager.swift */ = {isa = PBXFileReference; lastKnownFileType = sourcecode.swift; path = AppLockManager.swift; sourceTree = "<group>"; };
		AB27AB1F8CE84C9B73A64864 /* LockScreenView.swift */ = {isa = PBXFileReference; lastKnownFileType = sourcecode.swift; path = LockScreenView.swift; sourceTree = "<group>"; };
		79864BD4AE0606C15D9C6D38 /* AboutView.swift */ = {isa = PBXFileReference; lastKnownFileType = sourcecode.swift; path = AboutView.swift; sourceTree = "<group>"; };
		81787939E2835F7D19104232 /* DataTransferSectionView.swift */ = {isa = PBXFileReference; lastKnownFileType = sourcecode.swift; path = DataTransferSectionView.swift; sourceTree = "<group>"; };
		0F6BF98FFB48C18965032932 /* LanguagePickerView.swift */ = {isa = PBXFileReference; lastKnownFileType = sourcecode.swift; path = LanguagePickerView.swift; sourceTree = "<group>"; };
		D7DC58722548BAB80FFFEFA2 /* PrivacySectionView.swift */ = {isa = PBXFileReference; lastKnownFileType = sourcecode.swift; path = PrivacySectionView.swift; sourceTree = "<group>"; };
		29278160054BF9704AFB907A /* SelectableOptionRow.swift */ = {isa = PBXFileReference; lastKnownFileType = sourcecode.swift; path = SelectableOptionRow.swift; sourceTree = "<group>"; };
		AF645C5C69836126FD0BFE0B /* ThemePickerView.swift */ = {isa = PBXFileReference; lastKnownFileType = sourcecode.swift; path = ThemePickerView.swift; sourceTree = "<group>"; };
		10E635312049DEFE5FC61E43 /* JournalEntryView.swift */ = {isa = PBXFileReference; lastKnownFileType = sourcecode.swift; path = JournalEntryView.swift; sourceTree = "<group>"; };
		CE02FE5DF3CB3A0ECE8AF20A /* JournalListView.swift */ = {isa = PBXFileReference; lastKnownFileType = sourcecode.swift; path = JournalListView.swift; sourceTree = "<group>"; };
		5B2094B8A400DF1A38FC402F /* FlowLayout.swift */ = {isa = PBXFileReference; lastKnownFileType = sourcecode.swift; path = FlowLayout.swift; sourceTree = "<group>"; };
		7E94303900C4A4F09651AF88 /* PageTabRow.swift */ = {isa = PBXFileReference; lastKnownFileType = sourcecode.swift; path = PageTabRow.swift; sourceTree = "<group>"; };
		B9839F03CDC4DA3C2BF19ABA /* ThoughtRecordDetailView.swift */ = {isa = PBXFileReference; lastKnownFileType = sourcecode.swift; path = ThoughtRecordDetailView.swift; sourceTree = "<group>"; };
		A9802ABCAD628704BD207AFB /* ThoughtRecordEditView.swift */ = {isa = PBXFileReference; lastKnownFileType = sourcecode.swift; path = ThoughtRecordEditView.swift; sourceTree = "<group>"; };
		B773D7A03E4DEB06A4517187 /* ThoughtRecordListView.swift */ = {isa = PBXFileReference; lastKnownFileType = sourcecode.swift; path = ThoughtRecordListView.swift; sourceTree = "<group>"; };
		CE57E2A39297A02642F403F0 /* RootView.swift */ = {isa = PBXFileReference; lastKnownFileType = sourcecode.swift; path = RootView.swift; sourceTree = "<group>"; };
		9305FBED3ABECCB178151634 /* ThreeColumnMethodApp.swift */ = {isa = PBXFileReference; lastKnownFileType = sourcecode.swift; path = ThreeColumnMethodApp.swift; sourceTree = "<group>"; };
		3579D506D1CAEA4FC5648803 /* Assets.xcassets */ = {isa = PBXFileReference; lastKnownFileType = folder.assetcatalog; path = Assets.xcassets; sourceTree = "<group>"; };
		7D3B0354EEDC194CAA9BCF55 /* Preview Assets.xcassets */ = {isa = PBXFileReference; lastKnownFileType = folder.assetcatalog; path = "Preview Assets.xcassets"; sourceTree = "<group>"; };
		A10B81E1E483FA8C02E13938 /* ThreeColumnMethod.app */ = {isa = PBXFileReference; explicitFileType = wrapper.application; includeInIndex = 0; path = ThreeColumnMethod.app; sourceTree = BUILT_PRODUCTS_DIR; };
/* End PBXFileReference section */

/* Begin PBXFrameworksBuildPhase section */
		9768BF82ABFF9504D8DC866F /* Frameworks */ = {
			isa = PBXFrameworksBuildPhase;
			buildActionMask = 2147483647;
			files = (
			);
			runOnlyForDeploymentPostprocessing = 0;
		};
/* End PBXFrameworksBuildPhase section */

/* Begin PBXGroup section */
		E0C7F8C2F54FD5BE1A0170D9 /* Localization */ = {
			isa = PBXGroup;
			children = (
				4FEA568B738F6A64B70F0C9F /* AppLanguage.swift */,
				0A8ACD49AEDA13DF523F30CA /* LocalizationManager.swift */,
				94B20302261D6E695089472E /* Strings.swift */,
			);
			path = "Localization";
			sourceTree = "<group>";
		};
		9F6429E967564B5C24B12FB9 /* Models */ = {
			isa = PBXGroup;
			children = (
				0F498EF07CA2C6C23E47846F /* CognitiveDistortion.swift */,
				52BF00920908F79C5EE0B753 /* DataTransfer.swift */,
				4A8A6F271537168DC17795DB /* JSONTextDocument.swift */,
				72DB4DEE51EED73A974015F8 /* JournalEntry.swift */,
				3AE91F1249DB462D69F76051 /* ThoughtRecord.swift */,
			);
			path = "Models";
			sourceTree = "<group>";
		};
		244EEFC99E01B105BC7F78E0 /* Theme */ = {
			isa = PBXGroup;
			children = (
				4FF2E03B087D15992402AEBA /* AppTheme.swift */,
				3CE65120C99B3368D8050610 /* Color+Hex.swift */,
				3E86C3E6E560B9734B7ADC3B /* NotebookPalette.swift */,
				8E5DDD288A74E3AD309DF84A /* ThemeManager.swift */,
			);
			path = "Theme";
			sourceTree = "<group>";
		};
		187B1428D97148F55EC0A7E9 /* Privacy */ = {
			isa = PBXGroup;
			children = (
				D0ADC09CA7AB7F8E2FA8CF33 /* AppLockManager.swift */,
				AB27AB1F8CE84C9B73A64864 /* LockScreenView.swift */,
			);
			path = "Privacy";
			sourceTree = "<group>";
		};
		8DF6BAFD4B61C4300AEBD8A0 /* About */ = {
			isa = PBXGroup;
			children = (
				79864BD4AE0606C15D9C6D38 /* AboutView.swift */,
				81787939E2835F7D19104232 /* DataTransferSectionView.swift */,
				0F6BF98FFB48C18965032932 /* LanguagePickerView.swift */,
				D7DC58722548BAB80FFFEFA2 /* PrivacySectionView.swift */,
				29278160054BF9704AFB907A /* SelectableOptionRow.swift */,
				AF645C5C69836126FD0BFE0B /* ThemePickerView.swift */,
			);
			path = "About";
			sourceTree = "<group>";
		};
		15B2C2F50EEC8961916F70DC /* Journal */ = {
			isa = PBXGroup;
			children = (
				10E635312049DEFE5FC61E43 /* JournalEntryView.swift */,
				CE02FE5DF3CB3A0ECE8AF20A /* JournalListView.swift */,
			);
			path = "Journal";
			sourceTree = "<group>";
		};
		AA1A9E3C2BD9978892E24606 /* Shared */ = {
			isa = PBXGroup;
			children = (
				5B2094B8A400DF1A38FC402F /* FlowLayout.swift */,
				7E94303900C4A4F09651AF88 /* PageTabRow.swift */,
			);
			path = "Shared";
			sourceTree = "<group>";
		};
		98239FD8CE942ACFDC64C868 /* ThoughtRecords */ = {
			isa = PBXGroup;
			children = (
				B9839F03CDC4DA3C2BF19ABA /* ThoughtRecordDetailView.swift */,
				A9802ABCAD628704BD207AFB /* ThoughtRecordEditView.swift */,
				B773D7A03E4DEB06A4517187 /* ThoughtRecordListView.swift */,
			);
			path = "ThoughtRecords";
			sourceTree = "<group>";
		};
		77DEA51623F153759A48FA53 /* Views */ = {
			isa = PBXGroup;
			children = (
				8DF6BAFD4B61C4300AEBD8A0 /* About */,
				15B2C2F50EEC8961916F70DC /* Journal */,
				AA1A9E3C2BD9978892E24606 /* Shared */,
				98239FD8CE942ACFDC64C868 /* ThoughtRecords */,
			);
			path = "Views";
			sourceTree = "<group>";
		};
		3EBB013FC037463825E8AF90 /* Preview Content */ = {
			isa = PBXGroup;
			children = (
				7D3B0354EEDC194CAA9BCF55 /* Preview Assets.xcassets */,
			);
			path = "Preview Content";
			sourceTree = "<group>";
		};
		9D69399DC48DDA952A97421E /* ThreeColumnMethod */ = {
			isa = PBXGroup;
			children = (
				E0C7F8C2F54FD5BE1A0170D9 /* Localization */,
				9F6429E967564B5C24B12FB9 /* Models */,
				244EEFC99E01B105BC7F78E0 /* Theme */,
				187B1428D97148F55EC0A7E9 /* Privacy */,
				77DEA51623F153759A48FA53 /* Views */,
				CE57E2A39297A02642F403F0 /* RootView.swift */,
				9305FBED3ABECCB178151634 /* ThreeColumnMethodApp.swift */,
				3579D506D1CAEA4FC5648803 /* Assets.xcassets */,
				3EBB013FC037463825E8AF90 /* Preview Content */,
			);
			path = "ThreeColumnMethod";
			sourceTree = "<group>";
		};
		6DEF0339F049F8A1923E5753 /* Products */ = {
			isa = PBXGroup;
			children = (
				A10B81E1E483FA8C02E13938 /* ThreeColumnMethod.app */,
			);
			name = "Products";
			sourceTree = "<group>";
		};
		650A91DD24C0BA6C807BB4AD = {
			isa = PBXGroup;
			children = (
				9D69399DC48DDA952A97421E /* ThreeColumnMethod */,
				6DEF0339F049F8A1923E5753 /* Products */,
			);
			sourceTree = "<group>";
		};
/* End PBXGroup section */

/* Begin PBXNativeTarget section */
		09B2F02BFE813A4035F63039 /* ThreeColumnMethod */ = {
			isa = PBXNativeTarget;
			buildConfigurationList = A884A88F4E0D1A6DC3FECB71 /* Build configuration list for PBXNativeTarget "ThreeColumnMethod" */;
			buildPhases = (
				8C7F2AE95E4A0C659D0BC5D7 /* Sources */,
				9768BF82ABFF9504D8DC866F /* Frameworks */,
				4FF1D6448725106B813CD537 /* Resources */,
			);
			buildRules = (
			);
			dependencies = (
			);
			name = ThreeColumnMethod;
			productName = ThreeColumnMethod;
			productReference = A10B81E1E483FA8C02E13938 /* ThreeColumnMethod.app */;
			productType = "com.apple.product-type.application";
		};
/* End PBXNativeTarget section */

/* Begin PBXProject section */
		D5B2AB860DD725179CD9178F /* Project object */ = {
			isa = PBXProject;
			attributes = {
				BuildIndependentTargetsInParallel = 1;
				LastSwiftUpdateCheck = 1520;
				LastUpgradeCheck = 1520;
				TargetAttributes = {
					09B2F02BFE813A4035F63039 = {
						CreatedOnToolsVersion = 15.2;
					};
				};
			};
			buildConfigurationList = A63BFF0177253D7414A58034 /* Build configuration list for PBXProject "ThreeColumnMethod" */;
			compatibilityVersion = "Xcode 14.0";
			developmentRegion = en;
			hasScannedForEncodings = 0;
			knownRegions = (
				en,
				zh-Hans,
				Base,
			);
			mainGroup = 650A91DD24C0BA6C807BB4AD;
			productRefGroup = 6DEF0339F049F8A1923E5753 /* Products */;
			projectDirPath = "";
			projectRoot = "";
			targets = (
				09B2F02BFE813A4035F63039 /* ThreeColumnMethod */,
			);
		};
/* End PBXProject section */

/* Begin PBXResourcesBuildPhase section */
		4FF1D6448725106B813CD537 /* Resources */ = {
			isa = PBXResourcesBuildPhase;
			buildActionMask = 2147483647;
			files = (
				B1BD57EEAA5904C18C7687EB /* Assets.xcassets in Resources */,
			);
			runOnlyForDeploymentPostprocessing = 0;
		};
/* End PBXResourcesBuildPhase section */

/* Begin PBXSourcesBuildPhase section */
		8C7F2AE95E4A0C659D0BC5D7 /* Sources */ = {
			isa = PBXSourcesBuildPhase;
			buildActionMask = 2147483647;
			files = (
				2E789699E4D37BB306A229E8 /* AppLanguage.swift in Sources */,
				E8A56F789F535F0EE2CE466E /* LocalizationManager.swift in Sources */,
				67CF2D43C5B1FA6B4DE2614A /* Strings.swift in Sources */,
				1936D2EC993DA4182086E71F /* CognitiveDistortion.swift in Sources */,
				2FC05820D0A2A7C33986E9A7 /* DataTransfer.swift in Sources */,
				49D1DC7717C9771623BEFBE9 /* JSONTextDocument.swift in Sources */,
				8A48C26A18C4CE11429E7E5F /* JournalEntry.swift in Sources */,
				A8D3519AC60ED3D076065910 /* ThoughtRecord.swift in Sources */,
				6AAE865DD771BC2F4F9DA7B7 /* AppTheme.swift in Sources */,
				19ED43415427CDECAC24195F /* Color+Hex.swift in Sources */,
				1FC2647E540EFA6588A71481 /* NotebookPalette.swift in Sources */,
				E97A32125ADA5A09F4A882E2 /* ThemeManager.swift in Sources */,
				8CA03C5F69830441CADEA6D4 /* AppLockManager.swift in Sources */,
				56798E24B7C894AC761C172D /* LockScreenView.swift in Sources */,
				248B6B4DA531991368F0CF89 /* AboutView.swift in Sources */,
				B513A054917C6E71CB6B2FB5 /* DataTransferSectionView.swift in Sources */,
				300B47F8383326A0A88C63A7 /* LanguagePickerView.swift in Sources */,
				7D729C1FC64995881C55F37C /* PrivacySectionView.swift in Sources */,
				173B0785F052C961B2052DE0 /* SelectableOptionRow.swift in Sources */,
				BCEB5750794AB98A9E250AA0 /* ThemePickerView.swift in Sources */,
				C558CCAB4736C0949182E86D /* JournalEntryView.swift in Sources */,
				39425C57D36FE0F003C39CC0 /* JournalListView.swift in Sources */,
				71CD79377EFA5F1626C104C4 /* FlowLayout.swift in Sources */,
				DE222B733771036C5D21E965 /* PageTabRow.swift in Sources */,
				9C6741B090B82B9DB468AB30 /* ThoughtRecordDetailView.swift in Sources */,
				25E68FE546B140B11EBCA5F0 /* ThoughtRecordEditView.swift in Sources */,
				26D910D1403392F3B729AD14 /* ThoughtRecordListView.swift in Sources */,
				9B5A8E8B98764AEC70E7B8A5 /* RootView.swift in Sources */,
				1C170DC24F4EA276B077920B /* ThreeColumnMethodApp.swift in Sources */,
			);
			runOnlyForDeploymentPostprocessing = 0;
		};
/* End PBXSourcesBuildPhase section */

/* Begin XCBuildConfiguration section */
		E6725BFFCC65B1F198FB8BA7 /* Debug */ = {
			isa = XCBuildConfiguration;
			buildSettings = {
				ALWAYS_SEARCH_USER_PATHS = NO;
				ASSETCATALOG_COMPILER_GENERATE_SWIFT_ASSET_SYMBOL_EXTENSIONS = YES;
				CLANG_ANALYZER_NONNULL = YES;
				CLANG_ANALYZER_NUMBER_OBJECT_CONVERSION = YES_AGGRESSIVE;
				CLANG_CXX_LANGUAGE_STANDARD = "gnu++20";
				CLANG_ENABLE_MODULES = YES;
				CLANG_ENABLE_OBJC_ARC = YES;
				CLANG_ENABLE_OBJC_WEAK = YES;
				CLANG_WARN_BLOCK_CAPTURE_AUTORELEASING = YES;
				CLANG_WARN_BOOL_CONVERSION = YES;
				CLANG_WARN_COMMA = YES;
				CLANG_WARN_CONSTANT_CONVERSION = YES;
				CLANG_WARN_DEPRECATED_OBJC_IMPLEMENTATIONS = YES;
				CLANG_WARN_DIRECT_OBJC_ISA_USAGE = YES_ERROR;
				CLANG_WARN_DOCUMENTATION_COMMENTS = YES;
				CLANG_WARN_EMPTY_BODY = YES;
				CLANG_WARN_ENUM_CONVERSION = YES;
				CLANG_WARN_INFINITE_RECURSION = YES;
				CLANG_WARN_INT_CONVERSION = YES;
				CLANG_WARN_NON_LITERAL_NULL_CONVERSION = YES;
				CLANG_WARN_OBJC_IMPLICIT_RETAIN_SELF = YES;
				CLANG_WARN_OBJC_LITERAL_CONVERSION = YES;
				CLANG_WARN_OBJC_ROOT_CLASS = YES_ERROR;
				CLANG_WARN_QUOTED_INCLUDE_IN_FRAMEWORK_HEADER = YES;
				CLANG_WARN_RANGE_LOOP_ANALYSIS = YES;
				CLANG_WARN_STRICT_PROTOTYPES = YES;
				CLANG_WARN_SUSPICIOUS_MOVE = YES;
				CLANG_WARN_UNGUARDED_AVAILABILITY = YES_AGGRESSIVE;
				CLANG_WARN_UNREACHABLE_CODE = YES;
				CLANG_WARN__DUPLICATE_METHOD_MATCH = YES;
				COPY_PHASE_STRIP = NO;
				DEBUG_INFORMATION_FORMAT = dwarf;
				ENABLE_STRICT_OBJC_MSGSEND = YES;
				ENABLE_TESTABILITY = YES;
				ENABLE_USER_SCRIPT_SANDBOXING = YES;
				GCC_C_LANGUAGE_STANDARD = gnu17;
				GCC_DYNAMIC_NO_PIC = NO;
				GCC_NO_COMMON_BLOCKS = YES;
				GCC_OPTIMIZATION_LEVEL = 0;
				GCC_PREPROCESSOR_DEFINITIONS = (
					"DEBUG=1",
					"$(inherited)",
				);
				GCC_WARN_64_TO_32_BIT_CONVERSION = YES;
				GCC_WARN_ABOUT_RETURN_TYPE = YES_ERROR;
				GCC_WARN_UNDECLARED_SELECTOR = YES;
				GCC_WARN_UNINITIALIZED_AUTOS = YES_AGGRESSIVE;
				GCC_WARN_UNUSED_FUNCTION = YES;
				GCC_WARN_UNUSED_VARIABLE = YES;
				IPHONEOS_DEPLOYMENT_TARGET = 17.0;
				MTL_ENABLE_DEBUG_INFO = INCLUDE_SOURCE;
				MTL_FAST_MATH = YES;
				ONLY_ACTIVE_ARCH = YES;
				SDKROOT = iphoneos;
				SWIFT_ACTIVE_COMPILATION_CONDITIONS = "DEBUG $(inherited)";
				SWIFT_OPTIMIZATION_LEVEL = "-Onone";
			};
			name = Debug;
		};
		A717D107648AB4827357BF3B /* Release */ = {
			isa = XCBuildConfiguration;
			buildSettings = {
				ALWAYS_SEARCH_USER_PATHS = NO;
				ASSETCATALOG_COMPILER_GENERATE_SWIFT_ASSET_SYMBOL_EXTENSIONS = YES;
				CLANG_ANALYZER_NONNULL = YES;
				CLANG_ANALYZER_NUMBER_OBJECT_CONVERSION = YES_AGGRESSIVE;
				CLANG_CXX_LANGUAGE_STANDARD = "gnu++20";
				CLANG_ENABLE_MODULES = YES;
				CLANG_ENABLE_OBJC_ARC = YES;
				CLANG_ENABLE_OBJC_WEAK = YES;
				CLANG_WARN_BLOCK_CAPTURE_AUTORELEASING = YES;
				CLANG_WARN_BOOL_CONVERSION = YES;
				CLANG_WARN_COMMA = YES;
				CLANG_WARN_CONSTANT_CONVERSION = YES;
				CLANG_WARN_DEPRECATED_OBJC_IMPLEMENTATIONS = YES;
				CLANG_WARN_DIRECT_OBJC_ISA_USAGE = YES_ERROR;
				CLANG_WARN_DOCUMENTATION_COMMENTS = YES;
				CLANG_WARN_EMPTY_BODY = YES;
				CLANG_WARN_ENUM_CONVERSION = YES;
				CLANG_WARN_INFINITE_RECURSION = YES;
				CLANG_WARN_INT_CONVERSION = YES;
				CLANG_WARN_NON_LITERAL_NULL_CONVERSION = YES;
				CLANG_WARN_OBJC_IMPLICIT_RETAIN_SELF = YES;
				CLANG_WARN_OBJC_LITERAL_CONVERSION = YES;
				CLANG_WARN_OBJC_ROOT_CLASS = YES_ERROR;
				CLANG_WARN_QUOTED_INCLUDE_IN_FRAMEWORK_HEADER = YES;
				CLANG_WARN_RANGE_LOOP_ANALYSIS = YES;
				CLANG_WARN_STRICT_PROTOTYPES = YES;
				CLANG_WARN_SUSPICIOUS_MOVE = YES;
				CLANG_WARN_UNGUARDED_AVAILABILITY = YES_AGGRESSIVE;
				CLANG_WARN_UNREACHABLE_CODE = YES;
				CLANG_WARN__DUPLICATE_METHOD_MATCH = YES;
				COPY_PHASE_STRIP = NO;
				DEBUG_INFORMATION_FORMAT = "dwarf-with-dsym";
				ENABLE_NS_ASSERTIONS = NO;
				ENABLE_STRICT_OBJC_MSGSEND = YES;
				ENABLE_USER_SCRIPT_SANDBOXING = YES;
				GCC_C_LANGUAGE_STANDARD = gnu17;
				GCC_NO_COMMON_BLOCKS = YES;
				GCC_WARN_64_TO_32_BIT_CONVERSION = YES;
				GCC_WARN_ABOUT_RETURN_TYPE = YES_ERROR;
				GCC_WARN_UNDECLARED_SELECTOR = YES;
				GCC_WARN_UNINITIALIZED_AUTOS = YES_AGGRESSIVE;
				GCC_WARN_UNUSED_FUNCTION = YES;
				GCC_WARN_UNUSED_VARIABLE = YES;
				IPHONEOS_DEPLOYMENT_TARGET = 17.0;
				MTL_ENABLE_DEBUG_INFO = NO;
				MTL_FAST_MATH = YES;
				SDKROOT = iphoneos;
				SWIFT_COMPILATION_MODE = wholemodule;
				VALIDATE_PRODUCT = YES;
			};
			name = Release;
		};
		1B2893590743F6E7667C9479 /* Debug */ = {
			isa = XCBuildConfiguration;
			buildSettings = {
				ASSETCATALOG_COMPILER_APPICON_NAME = AppIcon;
				ASSETCATALOG_COMPILER_GLOBAL_ACCENT_COLOR_NAME = AccentColor;
				CODE_SIGN_STYLE = Automatic;
				CURRENT_PROJECT_VERSION = 1;
				DEVELOPMENT_ASSET_PATHS = "\"ThreeColumnMethod/Preview Content\"";
				ENABLE_PREVIEWS = YES;
				GENERATE_INFOPLIST_FILE = YES;
				INFOPLIST_KEY_CFBundleDisplayName = "Three Column Method";
				INFOPLIST_KEY_NSFaceIDUsageDescription = "Face ID is used to unlock the app when App Lock is turned on in Settings.";
				INFOPLIST_KEY_UIApplicationSceneManifest_Generation = YES;
				INFOPLIST_KEY_UIApplicationSupportsIndirectInputEvents = YES;
				INFOPLIST_KEY_UILaunchScreen_Generation = YES;
				INFOPLIST_KEY_UISupportedInterfaceOrientations_iPad = "UIInterfaceOrientationPortrait UIInterfaceOrientationPortraitUpsideDown UIInterfaceOrientationLandscapeLeft UIInterfaceOrientationLandscapeRight";
				INFOPLIST_KEY_UISupportedInterfaceOrientations_iPhone = "UIInterfaceOrientationPortrait UIInterfaceOrientationLandscapeLeft UIInterfaceOrientationLandscapeRight";
				LD_RUNPATH_SEARCH_PATHS = (
					"$(inherited)",
					"@executable_path/Frameworks",
				);
				MARKETING_VERSION = 1.0;
				PRODUCT_BUNDLE_IDENTIFIER = com.threecolumnmethod.app;
				PRODUCT_NAME = "$(TARGET_NAME)";
				SWIFT_EMIT_LOC_STRINGS = YES;
				SWIFT_VERSION = 5.0;
				TARGETED_DEVICE_FAMILY = "1,2";
			};
			name = Debug;
		};
		EDBBBABBAA648ECD173F898B /* Release */ = {
			isa = XCBuildConfiguration;
			buildSettings = {
				ASSETCATALOG_COMPILER_APPICON_NAME = AppIcon;
				ASSETCATALOG_COMPILER_GLOBAL_ACCENT_COLOR_NAME = AccentColor;
				CODE_SIGN_STYLE = Automatic;
				CURRENT_PROJECT_VERSION = 1;
				DEVELOPMENT_ASSET_PATHS = "\"ThreeColumnMethod/Preview Content\"";
				ENABLE_PREVIEWS = YES;
				GENERATE_INFOPLIST_FILE = YES;
				INFOPLIST_KEY_CFBundleDisplayName = "Three Column Method";
				INFOPLIST_KEY_NSFaceIDUsageDescription = "Face ID is used to unlock the app when App Lock is turned on in Settings.";
				INFOPLIST_KEY_UIApplicationSceneManifest_Generation = YES;
				INFOPLIST_KEY_UIApplicationSupportsIndirectInputEvents = YES;
				INFOPLIST_KEY_UILaunchScreen_Generation = YES;
				INFOPLIST_KEY_UISupportedInterfaceOrientations_iPad = "UIInterfaceOrientationPortrait UIInterfaceOrientationPortraitUpsideDown UIInterfaceOrientationLandscapeLeft UIInterfaceOrientationLandscapeRight";
				INFOPLIST_KEY_UISupportedInterfaceOrientations_iPhone = "UIInterfaceOrientationPortrait UIInterfaceOrientationLandscapeLeft UIInterfaceOrientationLandscapeRight";
				LD_RUNPATH_SEARCH_PATHS = (
					"$(inherited)",
					"@executable_path/Frameworks",
				);
				MARKETING_VERSION = 1.0;
				PRODUCT_BUNDLE_IDENTIFIER = com.threecolumnmethod.app;
				PRODUCT_NAME = "$(TARGET_NAME)";
				SWIFT_EMIT_LOC_STRINGS = YES;
				SWIFT_VERSION = 5.0;
				TARGETED_DEVICE_FAMILY = "1,2";
			};
			name = Release;
		};
/* End XCBuildConfiguration section */

/* Begin XCConfigurationList section */
		A63BFF0177253D7414A58034 /* Build configuration list for PBXProject "ThreeColumnMethod" */ = {
			isa = XCConfigurationList;
			buildConfigurations = (
				E6725BFFCC65B1F198FB8BA7 /* Debug */,
				A717D107648AB4827357BF3B /* Release */,
			);
			defaultConfigurationIsVisible = 0;
			defaultConfigurationName = Release;
		};
		A884A88F4E0D1A6DC3FECB71 /* Build configuration list for PBXNativeTarget "ThreeColumnMethod" */ = {
			isa = XCConfigurationList;
			buildConfigurations = (
				1B2893590743F6E7667C9479 /* Debug */,
				EDBBBABBAA648ECD173F898B /* Release */,
			);
			defaultConfigurationIsVisible = 0;
			defaultConfigurationName = Release;
		};
/* End XCConfigurationList section */
	};
	rootObject = D5B2AB860DD725179CD9178F /* Project object */;
}
